<?xml version="1.0" encoding="utf-8"?>
<Project ToolsVersion="4.0" xmlns="http://schemas.microsoft.com/developer/msbuild/2003">
  <ItemGroup>
    <Filter Include="Source Files">
      <UniqueIdentifier>{4FC737F1-C7A5-4376-A066-2A32D752A2FF}</UniqueIdentifier>
      <Extensions>cpp;c;cc;cxx;c++;cppm;ixx;def;odl;idl;hpj;bat;asm;asmx</Extensions>
    </Filter>
    <Filter Include="Header Files">
      <UniqueIdentifier>{93995380-89BD-4b04-88EB-625FBE52EBFB}</UniqueIdentifier>
      <Extensions>h;hh;hpp;hxx;h++;hm;inl;inc;ipp;xsd</Extensions>
    </Filter>
    <Filter Include="Resource Files">
      <UniqueIdentifier>{67DA6AB6-F800-4c08-8B7A-83BB121AAD01}</UniqueIdentifier>
      <Extensions>rc;ico;cur;bmp;dlg;rc2;rct;bin;rgs;gif;jpg;jpeg;jpe;resx;tiff;tif;png;wav;mfcribbon-ms</Extensions>
    </Filter>
  </ItemGroup>
  <ItemGroup>
    <ClCompile Include="Game_Economy.cpp">
      <Filter>Source Files</Filter>
    </ClCompile>
    <ClCompile Include="BulkCargo.cpp">
      <Filter>Source Files</Filter>
    </ClCompile>
    <ClCompile Include="Cargo.cpp">
      <Filter>Source Files</Filter>
    </ClCompile>
    <ClCompile Include="CargosList.cpp">
      <Filter>Source Files</Filter>
    </ClCompile>
    <ClCompile Include="CombinationCargo.cpp">
      <Filter>Source Files</Filter>
    </ClCompile>
    <ClCompile Include="CargoReturn.cpp">
      <Filter>Source Files</Filter>
    </ClCompile>
    <ClCompile Include="CargoType.cpp">
      <Filter>Source Files</Filter>
    </ClCompile>
    <ClCompile Include="TranspReq.cpp">
      <Filter>Source Files</Filter>
    </ClCompile>
    <ClCompile Include="Cargo_T.cpp">
      <Filter>Source Files</Filter>
    </ClCompile>
    <ClCompile Include="GameCargo.cpp">
      <Filter>Source Files</Filter>
    </ClCompile>
  </ItemGroup>
  <ItemGroup>
    <ClInclude Include="Game_Economy.hpp">
      <Filter>Header Files</Filter>
    </ClInclude>
    <ClInclude Include="BulkCargo.hpp">
      <Filter>Header Files</Filter>
    </ClInclude>
    <ClInclude Include="Cargo.hpp">
      <Filter>Header Files</Filter>
    </ClInclude>
    <ClInclude Include="CargosList.hpp">
      <Filter>Header Files</Filter>
    </ClInclude>
    <ClInclude Include="CombinationCargo.hpp">
      <Filter>Header Files</Filter>
    </ClInclude>
    <ClInclude Include="CargoReturn.hpp">
      <Filter>Header Files</Filter>
    </ClInclude>
    <ClInclude Include="CargoType.hpp">
      <Filter>Header Files</Filter>
    </ClInclude>
    <ClInclude Include="TranspReq.hpp">
      <Filter>Header Files</Filter>
    </ClInclude>
    <ClInclude Include="Cargo_T.hpp">
      <Filter>Header Files</Filter>
    </ClInclude>
    <ClInclude Include="GameCargo.hpp">
      <Filter>Header Files</Filter>
    </ClInclude>
  </ItemGroup>
</Project>